// !$*UTF8*$!
{
	archiveVersion = 1;
	classes = {
	};
	objectVersion = 77;
	objects = {

/* Begin PBXContainerItemProxy section */
		B84F8DAB2CA543C900D0025B /* PBXContainerItemProxy */ = {
			isa = PBXContainerItemProxy;
			containerPortal = B84F8D922CA543C700D0025B /* Project object */;
			proxyType = 1;
			remoteGlobalIDString = B84F8D992CA543C700D0025B;
			remoteInfo = SwiftUiTest;
		};
		B84F8DB52CA543C900D0025B /* PBXContainerItemProxy */ = {
			isa = PBXContainerItemProxy;
			containerPortal = B84F8D922CA543C700D0025B /* Project object */;
			proxyType = 1;
			remoteGlobalIDString = B84F8D992CA543C700D0025B;
			remoteInfo = SwiftUiTest;
		};
/* End PBXContainerItemProxy section */

/* Begin PBXFileReference section */
		B84F8D9A2CA543C700D0025B /* SwiftUiTest.app */ = {isa = PBXFileReference; explicitFileType = wrapper.application; includeInIndex = 0; path = SwiftUiTest.app; sourceTree = BUILT_PRODUCTS_DIR; };
		B84F8DAA2CA543C900D0025B /* SwiftUiTestTests.xctest */ = {isa = PBXFileReference; explicitFileType = wrapper.cfbundle; includeInIndex = 0; path = SwiftUiTestTests.xctest; sourceTree = BUILT_PRODUCTS_DIR; };
		B84F8DB42CA543C900D0025B /* SwiftUiTestUITests.xctest */ = {isa = PBXFileReference; explicitFileType = wrapper.cfbundle; includeInIndex = 0; path = SwiftUiTestUITests.xctest; sourceTree = BUILT_PRODUCTS_DIR; };
/* End PBXFileReference section */

/* Begin PBXFileSystemSynchronizedRootGroup section */
		B84F8D9C2CA543C700D0025B /* SwiftUiTest */ = {
			isa = PBXFileSystemSynchronizedRootGroup;
			path = SwiftUiTest;
			sourceTree = "<group>";
		};
		B84F8DAD2CA543C900D0025B /* SwiftUiTestTests */ = {
			isa = PBXFileSystemSynchronizedRootGroup;
			path = SwiftUiTestTests;
			sourceTree = "<group>";
		};
		B84F8DB72CA543C900D0025B /* SwiftUiTestUITests */ = {
			isa = PBXFileSystemSynchronizedRootGroup;
			path = SwiftUiTestUITests;
			sourceTree = "<group>";
		};
/* End PBXFileSystemSynchronizedRootGroup section */

/* Begin PBXFrameworksBuildPhase section */
		B84F8D972CA543C700D0025B /* Frameworks */ = {
			isa = PBXFrameworksBuildPhase;
			buildActionMask = 2147483647;
			files = (
			);
			runOnlyForDeploymentPostprocessing = 0;
		};
		B84F8DA72CA543C900D0025B /* Frameworks */ = {
			isa = PBXFrameworksBuildPhase;
			buildActionMask = 2147483647;
			files = (
			);
			runOnlyForDeploymentPostprocessing = 0;
		};
		B84F8DB12CA543C900D0025B /* Frameworks */ = {
			isa = PBXFrameworksBuildPhase;
			buildActionMask = 2147483647;
			files = (
			);
			runOnlyForDeploymentPostprocessing = 0;
		};
/* End PBXFrameworksBuildPhase section */

/* Begin PBXGroup section */
		B84F8D912CA543C700D0025B = {
			isa = PBXGroup;
			children = (
				B84F8D9C2CA543C700D0025B /* SwiftUiTest */,
				B84F8DAD2CA543C900D0025B /* SwiftUiTestTests */,
				B84F8DB72CA543C900D0025B /* SwiftUiTestUITests */,
				B84F8D9B2CA543C700D0025B /* Products */,
			);
			sourceTree = "<group>";
		};
		B84F8D9B2CA543C700D0025B /* Products */ = {
			isa = PBXGroup;
			children = (
				B84F8D9A2CA543C700D0025B /* SwiftUiTest.app */,
				B84F8DAA2CA543C900D0025B /* SwiftUiTestTests.xctest */,
				B84F8DB42CA543C900D0025B /* SwiftUiTestUITests.xctest */,
			);
			name = Products;
			sourceTree = "<group>";
		};
/* End PBXGroup section */

/* Begin PBXNativeTarget section */
		B84F8D992CA543C700D0025B /* SwiftUiTest */ = {
			isa = PBXNativeTarget;
			buildConfigurationList = B84F8DBE2CA543C900D0025B /* Build configuration list for PBXNativeTarget "SwiftUiTest" */;
			buildPhases = (
				B84F8D962CA543C700D0025B /* Sources */,
				B84F8D972CA543C700D0025B /* Frameworks */,
				B84F8D982CA543C700D0025B /* Resources */,
			);
			buildRules = (
			);
			dependencies = (
			);
			fileSystemSynchronizedGroups = (
				B84F8D9C2CA543C700D0025B /* SwiftUiTest */,
			);
			name = SwiftUiTest;
			packageProductDependencies = (
			);
			productName = SwiftUiTest;
			productReference = B84F8D9A2CA543C700D0025B /* SwiftUiTest.app */;
			productType = "com.apple.product-type.application";
		};
		B84F8DA92CA543C900D0025B /* SwiftUiTestTests */ = {
			isa = PBXNativeTarget;
			buildConfigurationList = B84F8DC12CA543C900D0025B /* Build configuration list for PBXNativeTarget "SwiftUiTestTests" */;
			buildPhases = (
				B84F8DA62CA543C900D0025B /* Sources */,
				B84F8DA72CA543C900D0025B /* Frameworks */,
				B84F8DA82CA543C900D0025B /* Resources */,
			);
			buildRules = (
			);
			dependencies = (
				B84F8DAC2CA543C900D0025B /* PBXTargetDependency */,
			);
			fileSystemSynchronizedGroups = (
				B84F8DAD2CA543C900D0025B /* SwiftUiTestTests */,
			);
			name = SwiftUiTestTests;
			packageProductDependencies = (
			);
			productName = SwiftUiTestTests;
			productReference = B84F8DAA2CA543C900D0025B /* SwiftUiTestTests.xctest */;
			productType = "com.apple.product-type.bundle.unit-test";
		};
		B84F8DB32CA543C900D0025B /* SwiftUiTestUITests */ = {
			isa = PBXNativeTarget;
			buildConfigurationList = B84F8DC42CA543C900D0025B /* Build configuration list for PBXNativeTarget "SwiftUiTestUITests" */;
			buildPhases = (
				B84F8DB02CA543C900D0025B /* Sources */,
				B84F8DB12CA543C900D0025B /* Frameworks */,
				B84F8DB22CA543C900D0025B /* Resources */,
			);
			buildRules = (
			);
			dependencies = (
				B84F8DB62CA543C900D0025B /* PBXTargetDependency */,
			);
			fileSystemSynchronizedGroups = (
				B84F8DB72CA543C900D0025B /* SwiftUiTestUITests */,
			);
			name = SwiftUiTestUITests;
			packageProductDependencies = (
			);
			productName = SwiftUiTestUITests;
			productReference = B84F8DB42CA543C900D0025B /* SwiftUiTestUITests.xctest */;
			productType = "com.apple.product-type.bundle.ui-testing";
		};
/* End PBXNativeTarget section */

/* Begin PBXProject section */
		B84F8D922CA543C700D0025B /* Project object */ = {
			isa = PBXProject;
			attributes = {
				BuildIndependentTargetsInParallel = 1;
				LastSwiftUpdateCheck = 1600;
				LastUpgradeCheck = 1600;
				TargetAttributes = {
					B84F8D992CA543C700D0025B = {
						CreatedOnToolsVersion = 16.0;
					};
					B84F8DA92CA543C900D0025B = {
						CreatedOnToolsVersion = 16.0;
						TestTargetID = B84F8D992CA543C700D0025B;
					};
					B84F8DB32CA543C900D0025B = {
						CreatedOnToolsVersion = 16.0;
						TestTargetID = B84F8D992CA543C700D0025B;
					};
				};
			};
			buildConfigurationList = B84F8D952CA543C700D0025B /* Build configuration list for PBXProject "SwiftUiTest" */;
			developmentRegion = en;
			hasScannedForEncodings = 0;
			knownRegions = (
				en,
				Base,
			);
			mainGroup = B84F8D912CA543C700D0025B;
			minimizedProjectReferenceProxies = 1;
			preferredProjectObjectVersion = 77;
			productRefGroup = B84F8D9B2CA543C700D0025B /* Products */;
			projectDirPath = "";
			projectRoot = "";
			targets = (
				B84F8D992CA543C700D0025B /* SwiftUiTest */,
				B84F8DA92CA543C900D0025B /* SwiftUiTestTests */,
				B84F8DB32CA543C900D0025B /* SwiftUiTestUITests */,
			);
		};
/* End PBXProject section */

/* Begin PBXResourcesBuildPhase section */
		B84F8D982CA543C700D0025B /* Resources */ = {
			isa = PBXResourcesBuildPhase;
			buildActionMask = 2147483647;
			files = (
			);
			runOnlyForDeploymentPostprocessing = 0;
		};
		B84F8DA82CA543C900D0025B /* Resources */ = {
			isa = PBXResourcesBuildPhase;
			buildActionMask = 2147483647;
			files = (
			);
			runOnlyForDeploymentPostprocessing = 0;
		};
		B84F8DB22CA543C900D0025B /* Resources */ = {
			isa = PBXResourcesBuildPhase;
			buildActionMask = 2147483647;
			files = (
			);
			runOnlyForDeploymentPostprocessing = 0;
		};
/* End PBXResourcesBuildPhase section */

/* Begin PBXSourcesBuildPhase section */
		B84F8D962CA543C700D0025B /* Sources */ = {
			isa = PBXSourcesBuildPhase;
			buildActionMask = 2147483647;
			files = (
			);
			runOnlyForDeploymentPostprocessing = 0;
		};
		B84F8DA62CA543C900D0025B /* Sources */ = {
			isa = PBXSourcesBuildPhase;
			buildActionMask = 2147483647;
			files = (
			);
			runOnlyForDeploymentPostprocessing = 0;
		};
		B84F8DB02CA543C900D0025B /* Sources */ = {
			isa = PBXSourcesBuildPhase;
			buildActionMask = 2147483647;
			files = (
			);
			runOnlyForDeploymentPostprocessing = 0;
		};
/* End PBXSourcesBuildPhase section */

/* Begin PBXTargetDependency section */
		B84F8DAC2CA543C900D0025B /* PBXTargetDependency */ = {
			isa = PBXTargetDependency;
			target = B84F8D992CA543C700D0025B /* SwiftUiTest */;
			targetProxy = B84F8DAB2CA543C900D0025B /* PBXContainerItemProxy */;
		};
		B84F8DB62CA543C900D0025B /* PBXTargetDependency */ = {
			isa = PBXTargetDependency;
			target = B84F8D992CA543C700D0025B /* SwiftUiTest */;
			targetProxy = B84F8DB52CA543C900D0025B /* PBXContainerItemProxy */;
		};
/* End PBXTargetDependency section */

/* Begin XCBuildConfiguration section */
		B84F8DBC2CA543C900D0025B /* Debug */ = {
			isa = XCBuildConfiguration;
			buildSettings = {
				ALWAYS_SEARCH_USER_PATHS = NO;
				ASSETCATALOG_COMPILER_GENERATE_SWIFT_ASSET_SYMBOL_EXTENSIONS = YES;
				CLANG_ANALYZER_NONNULL = YES;
				CLANG_ANALYZER_NUMBER_OBJECT_CONVERSION = YES_AGGRESSIVE;
				CLANG_CXX_LANGUAGE_STANDARD = "gnu++20";
				CLANG_ENABLE_MODULES = YES;
				CLANG_ENABLE_OBJC_ARC = YES;
				CLANG_ENABLE_OBJC_WEAK = YES;
				CLANG_WARN_BLOCK_CAPTURE_AUTORELEASING = YES;
				CLANG_WARN_BOOL_CONVERSION = YES;
				CLANG_WARN_COMMA = YES;
				CLANG_WARN_CONSTANT_CONVERSION = YES;
				CLANG_WARN_DEPRECATED_OBJC_IMPLEMENTATIONS = YES;
				CLANG_WARN_DIRECT_OBJC_ISA_USAGE = YES_ERROR;
				CLANG_WARN_DOCUMENTATION_COMMENTS = YES;
				CLANG_WARN_EMPTY_BODY = YES;
				CLANG_WARN_ENUM_CONVERSION = YES;
				CLANG_WARN_INFINITE_RECURSION = YES;
				CLANG_WARN_INT_CONVERSION = YES;
				CLANG_WARN_NON_LITERAL_NULL_CONVERSION = YES;
				CLANG_WARN_OBJC_IMPLICIT_RETAIN_SELF = YES;
				CLANG_WARN_OBJC_LITERAL_CONVERSION = YES;
				CLANG_WARN_OBJC_ROOT_CLASS = YES_ERROR;
				CLANG_WARN_QUOTED_INCLUDE_IN_FRAMEWORK_HEADER = YES;
				CLANG_WARN_RANGE_LOOP_ANALYSIS = YES;
				CLANG_WARN_STRICT_PROTOTYPES = YES;
				CLANG_WARN_SUSPICIOUS_MOVE = YES;
				CLANG_WARN_UNGUARDED_AVAILABILITY = YES_AGGRESSIVE;
				CLANG_WARN_UNREACHABLE_CODE = YES;
				CLANG_WARN__DUPLICATE_METHOD_MATCH = YES;
				COPY_PHASE_STRIP = NO;
				DEBUG_INFORMATION_FORMAT = dwarf;
				ENABLE_STRICT_OBJC_MSGSEND = YES;
				ENABLE_TESTABILITY = YES;
				ENABLE_USER_SCRIPT_SANDBOXING = YES;
				GCC_C_LANGUAGE_STANDARD = gnu17;
				GCC_DYNAMIC_NO_PIC = NO;
				GCC_NO_COMMON_BLOCKS = YES;
				GCC_OPTIMIZATION_LEVEL = 0;
				GCC_PREPROCESSOR_DEFINITIONS = (
					"DEBUG=1",
					"$(inherited)",
				);
				GCC_WARN_64_TO_32_BIT_CONVERSION = YES;
				GCC_WARN_ABOUT_RETURN_TYPE = YES_ERROR;
				GCC_WARN_UNDECLARED_SELECTOR = YES;
				GCC_WARN_UNINITIALIZED_AUTOS = YES_AGGRESSIVE;
				GCC_WARN_UNUSED_FUNCTION = YES;
				GCC_WARN_UNUSED_VARIABLE = YES;
				IPHONEOS_DEPLOYMENT_TARGET = 18.0;
				LOCALIZATION_PREFERS_STRING_CATALOGS = YES;
				MTL_ENABLE_DEBUG_INFO = INCLUDE_SOURCE;
				MTL_FAST_MATH = YES;
				ONLY_ACTIVE_ARCH = YES;
				SDKROOT = iphoneos;
				SWIFT_ACTIVE_COMPILATION_CONDITIONS = "DEBUG $(inherited)";
				SWIFT_OPTIMIZATION_LEVEL = "-Onone";
			};
			name = Debug;
		};
		B84F8DBD2CA543C900D0025B /* Release */ = {
			isa = XCBuildConfiguration;
			buildSettings = {
				ALWAYS_SEARCH_USER_PATHS = NO;
				ASSETCATALOG_COMPILER_GENERATE_SWIFT_ASSET_SYMBOL_EXTENSIONS = YES;
				CLANG_ANALYZER_NONNULL = YES;
				CLANG_ANALYZER_NUMBER_OBJECT_CONVERSION = YES_AGGRESSIVE;
				CLANG_CXX_LANGUAGE_STANDARD = "gnu++20";
				CLANG_ENABLE_MODULES = YES;
				CLANG_ENABLE_OBJC_ARC = YES;
				CLANG_ENABLE_OBJC_WEAK = YES;
				CLANG_WARN_BLOCK_CAPTURE_AUTORELEASING = YES;
				CLANG_WARN_BOOL_CONVERSION = YES;
				CLANG_WARN_COMMA = YES;
				CLANG_WARN_CONSTANT_CONVERSION = YES;
				CLANG_WARN_DEPRECATED_OBJC_IMPLEMENTATIONS = YES;
				CLANG_WARN_DIRECT_OBJC_ISA_USAGE = YES_ERROR;
				CLANG_WARN_DOCUMENTATION_COMMENTS = YES;
				CLANG_WARN_EMPTY_BODY = YES;
				CLANG_WARN_ENUM_CONVERSION = YES;
				CLANG_WARN_INFINITE_RECURSION = YES;
				CLANG_WARN_INT_CONVERSION = YES;
				CLANG_WARN_NON_LITERAL_NULL_CONVERSION = YES;
				CLANG_WARN_OBJC_IMPLICIT_RETAIN_SELF = YES;
				CLANG_WARN_OBJC_LITERAL_CONVERSION = YES;
				CLANG_WARN_OBJC_ROOT_CLASS = YES_ERROR;
				CLANG_WARN_QUOTED_INCLUDE_IN_FRAMEWORK_HEADER = YES;
				CLANG_WARN_RANGE_LOOP_ANALYSIS = YES;
				CLANG_WARN_STRICT_PROTOTYPES = YES;
				CLANG_WARN_SUSPICIOUS_MOVE = YES;
				CLANG_WARN_UNGUARDED_AVAILABILITY = YES_AGGRESSIVE;
				CLANG_WARN_UNREACHABLE_CODE = YES;
				CLANG_WARN__DUPLICATE_METHOD_MATCH = YES;
				COPY_PHASE_STRIP = NO;
				DEBUG_INFORMATION_FORMAT = "dwarf-with-dsym";
				ENABLE_NS_ASSERTIONS = NO;
				ENABLE_STRICT_OBJC_MSGSEND = YES;
				ENABLE_USER_SCRIPT_SANDBOXING = YES;
				GCC_C_LANGUAGE_STANDARD = gnu17;
				GCC_NO_COMMON_BLOCKS = YES;
				GCC_WARN_64_TO_32_BIT_CONVERSION = YES;
				GCC_WARN_ABOUT_RETURN_TYPE = YES_ERROR;
				GCC_WARN_UNDECLARED_SELECTOR = YES;
				GCC_WARN_UNINITIALIZED_AUTOS = YES_AGGRESSIVE;
				GCC_WARN_UNUSED_FUNCTION = YES;
				GCC_WARN_UNUSED_VARIABLE = YES;
				IPHONEOS_DEPLOYMENT_TARGET = 18.0;
				LOCALIZATION_PREFERS_STRING_CATALOGS = YES;
				MTL_ENABLE_DEBUG_INFO = NO;
				MTL_FAST_MATH = YES;
				SDKROOT = iphoneos;
				SWIFT_COMPILATION_MODE = wholemodule;
				VALIDATE_PRODUCT = YES;
			};
			name = Release;
		};
		B84F8DBF2CA543C900D0025B /* Debug */ = {
			isa = XCBuildConfiguration;
			buildSettings = {
				ASSETCATALOG_COMPILER_GLOBAL_ACCENT_COLOR_NAME = AccentColor;
				CODE_SIGN_STYLE = Automatic;
				CURRENT_PROJECT_VERSION = 1;
				DEVELOPMENT_ASSET_PATHS = "\"SwiftUiTest/Preview Content\"";
				DEVELOPMENT_TEAM = TX659GM74Y;
				ENABLE_PREVIEWS = YES;
				GENERATE_INFOPLIST_FILE = YES;
				INFOPLIST_KEY_NSCameraUsageDescription = "We need access to your camera to take photos.";
				INFOPLIST_KEY_NSPhotoLibraryAddUsageDescription = "Acces to photo library";
				INFOPLIST_KEY_NSPhotoLibraryUsageDescription = "Acces to photo library";
				INFOPLIST_KEY_UIApplicationSceneManifest_Generation = YES;
				INFOPLIST_KEY_UIApplicationSupportsIndirectInputEvents = YES;
				INFOPLIST_KEY_UILaunchScreen_Generation = YES;
				INFOPLIST_KEY_UISupportedInterfaceOrientations = UIInterfaceOrientationPortrait;
				INFOPLIST_KEY_UISupportedInterfaceOrientations_iPad = "UIInterfaceOrientationLandscapeLeft UIInterfaceOrientationLandscapeRight UIInterfaceOrientationPortrait UIInterfaceOrientationPortraitUpsideDown";
				IPHONEOS_DEPLOYMENT_TARGET = 16.0;
				LD_RUNPATH_SEARCH_PATHS = (
					"$(inherited)",
					"@executable_path/Frameworks",
				);
				MARKETING_VERSION = 1.0;
				PRODUCT_BUNDLE_IDENTIFIER = "ru.mail-bf2account.SwiftUiTest";
				PRODUCT_NAME = "$(TARGET_NAME)";
				SWIFT_EMIT_LOC_STRINGS = YES;
				SWIFT_VERSION = 5.0;
				TARGETED_DEVICE_FAMILY = "1,2";
			};
			name = Debug;
		};
		B84F8DC02CA543C900D0025B /* Release */ = {
			isa = XCBuildConfiguration;
			buildSettings = {
				ASSETCATALOG_COMPILER_GLOBAL_ACCENT_COLOR_NAME = AccentColor;
				CODE_SIGN_STYLE = Automatic;
				CURRENT_PROJECT_VERSION = 1;
				DEVELOPMENT_ASSET_PATHS = "\"SwiftUiTest/Preview Content\"";
				DEVELOPMENT_TEAM = TX659GM74Y;
				ENABLE_PREVIEWS = YES;
				GENERATE_INFOPLIST_FILE = YES;
				INFOPLIST_KEY_NSCameraUsageDescription = "We need access to your camera to take photos.";
				INFOPLIST_KEY_NSPhotoLibraryAddUsageDescription = "Acces to photo library";
				INFOPLIST_KEY_NSPhotoLibraryUsageDescription = "Acces to photo library";
				INFOPLIST_KEY_UIApplicationSceneManifest_Generation = YES;
				INFOPLIST_KEY_UIApplicationSupportsIndirectInputEvents = YES;
				INFOPLIST_KEY_UILaunchScreen_Generation = YES;
				INFOPLIST_KEY_UISupportedInterfaceOrientations = UIInterfaceOrientationPortrait;
				INFOPLIST_KEY_UISupportedInterfaceOrientations_iPad = "UIInterfaceOrientationLandscapeLeft UIInterfaceOrientationLandscapeRight UIInterfaceOrientationPortrait UIInterfaceOrientationPortraitUpsideDown";
				IPHONEOS_DEPLOYMENT_TARGET = 16.0;
				LD_RUNPATH_SEARCH_PATHS = (
					"$(inherited)",
					"@executable_path/Frameworks",
				);
				MARKETING_VERSION = 1.0;
				PRODUCT_BUNDLE_IDENTIFIER = "ru.mail-bf2account.SwiftUiTest";
				PRODUCT_NAME = "$(TARGET_NAME)";
				SWIFT_EMIT_LOC_STRINGS = YES;
				SWIFT_VERSION = 5.0;
				TARGETED_DEVICE_FAMILY = "1,2";
			};
			name = Release;
		};
		B84F8DC22CA543C900D0025B /* Debug */ = {
			isa = XCBuildConfiguration;
			buildSettings = {
				BUNDLE_LOADER = "$(TEST_HOST)";
				CODE_SIGN_STYLE = Automatic;
				CURRENT_PROJECT_VERSION = 1;
				DEVELOPMENT_TEAM = TX659GM74Y;
				GENERATE_INFOPLIST_FILE = YES;
				IPHONEOS_DEPLOYMENT_TARGET = 18.0;
				MARKETING_VERSION = 1.0;
				PRODUCT_BUNDLE_IDENTIFIER = "ru.mail-bf2account.SwiftUiTestTests";
				PRODUCT_NAME = "$(TARGET_NAME)";
				SWIFT_EMIT_LOC_STRINGS = NO;
				SWIFT_VERSION = 5.0;
				TARGETED_DEVICE_FAMILY = "1,2";
				TEST_HOST = "$(BUILT_PRODUCTS_DIR)/SwiftUiTest.app/$(BUNDLE_EXECUTABLE_FOLDER_PATH)/SwiftUiTest";
			};
			name = Debug;
		};
		B84F8DC32CA543C900D0025B /* Release */ = {
			isa = XCBuildConfiguration;
			buildSettings = {
				BUNDLE_LOADER = "$(TEST_HOST)";
				CODE_SIGN_STYLE = Automatic;
				CURRENT_PROJECT_VERSION = 1;
				DEVELOPMENT_TEAM = TX659GM74Y;
				GENERATE_INFOPLIST_FILE = YES;
				IPHONEOS_DEPLOYMENT_TARGET = 18.0;
				MARKETING_VERSION = 1.0;
				PRODUCT_BUNDLE_IDENTIFIER = "ru.mail-bf2account.SwiftUiTestTests";
				PRODUCT_NAME = "$(TARGET_NAME)";
				SWIFT_EMIT_LOC_STRINGS = NO;
				SWIFT_VERSION = 5.0;
				TARGETED_DEVICE_FAMILY = "1,2";
				TEST_HOST = "$(BUILT_PRODUCTS_DIR)/SwiftUiTest.app/$(BUNDLE_EXECUTABLE_FOLDER_PATH)/SwiftUiTest";
			};
			name = Release;
		};
		B84F8DC52CA543C900D0025B /* Debug */ = {
			isa = XCBuildConfiguration;
			buildSettings = {
				CODE_SIGN_STYLE = Automatic;
				CURRENT_PROJECT_VERSION = 1;
				DEVELOPMENT_TEAM = TX659GM74Y;
				GENERATE_INFOPLIST_FILE = YES;
				MARKETING_VERSION = 1.0;
				PRODUCT_BUNDLE_IDENTIFIER = "ru.mail-bf2account.SwiftUiTestUITests";
				PRODUCT_NAME = "$(TARGET_NAME)";
				SWIFT_EMIT_LOC_STRINGS = NO;
				SWIFT_VERSION = 5.0;
				TARGETED_DEVICE_FAMILY = "1,2";
				TEST_TARGET_NAME = SwiftUiTest;
			};
			name = Debug;
		};
		B84F8DC62CA543C900D0025B /* Release */ = {
			isa = XCBuildConfiguration;
			buildSettings = {
				CODE_SIGN_STYLE = Automatic;
				CURRENT_PROJECT_VERSION = 1;
				DEVELOPMENT_TEAM = TX659GM74Y;
				GENERATE_INFOPLIST_FILE = YES;
				MARKETING_VERSION = 1.0;
				PRODUCT_BUNDLE_IDENTIFIER = "ru.mail-bf2account.SwiftUiTestUITests";
				PRODUCT_NAME = "$(TARGET_NAME)";
				SWIFT_EMIT_LOC_STRINGS = NO;
				SWIFT_VERSION = 5.0;
				TARGETED_DEVICE_FAMILY = "1,2";
				TEST_TARGET_NAME = SwiftUiTest;
			};
			name = Release;
		};
/* End XCBuildConfiguration section */

/* Begin XCConfigurationList section */
		B84F8D952CA543C700D0025B /* Build configuration list for PBXProject "SwiftUiTest" */ = {
			isa = XCConfigurationList;
			buildConfigurations = (
				B84F8DBC2CA543C900D0025B /* Debug */,
				B84F8DBD2CA543C900D0025B /* Release */,
			);
			defaultConfigurationIsVisible = 0;
			defaultConfigurationName = Release;
		};
		B84F8DBE2CA543C900D0025B /* Build configuration list for PBXNativeTarget "SwiftUiTest" */ = {
			isa = XCConfigurationList;
			buildConfigurations = (
				B84F8DBF2CA543C900D0025B /* Debug */,
				B84F8DC02CA543C900D0025B /* Release */,
			);
			defaultConfigurationIsVisible = 0;
			defaultConfigurationName = Release;
		};
		B84F8DC12CA543C900D0025B /* Build configuration list for PBXNativeTarget "SwiftUiTestTests" */ = {
			isa = XCConfigurationList;
			buildConfigurations = (
				B84F8DC22CA543C900D0025B /* Debug */,
				B84F8DC32CA543C900D0025B /* Release */,
			);
			defaultConfigurationIsVisible = 0;
			defaultConfigurationName = Release;
		};
		B84F8DC42CA543C900D0025B /* Build configuration list for PBXNativeTarget "SwiftUiTestUITests" */ = {
			isa = XCConfigurationList;
			buildConfigurations = (
				B84F8DC52CA543C900D0025B /* Debug */,
				B84F8DC62CA543C900D0025B /* Release */,
			);
			defaultConfigurationIsVisible = 0;
			defaultConfigurationName = Release;
		};
/* End XCConfigurationList section */
	};
	rootObject = B84F8D922CA543C700D0025B /* Project object */;
}
